
Microsoft Visual Studio Solution File, Format Version 12.00
# Visual Studio Version 17
VisualStudioVersion = 17.14.36301.6 d17.14
MinimumVisualStudioVersion = 10.0.40219.1
Project("{FAE04EC0-301F-11D3-BF4B-00C04F79EFBC}") = "LifeSimulation", "LifeSimulation.csproj", "{FA8C3F8F-D64D-40D5-9CFA-C69CEC91FD33}"
EndProject
Global
	GlobalSection(SolutionConfigurationPlatforms) = preSolution
		Debug|Any CPU = Debug|Any CPU
		Release|Any CPU = Release|Any CPU
	EndGlobalSection
	GlobalSection(ProjectConfigurationPlatforms) = postSolution
		{FA8C3F8F-D64D-40D5-9CFA-C69CEC91FD33}.Debug|Any CPU.ActiveCfg = Debug|Any CPU
		{FA8C3F8F-D64D-40D5-9CFA-C69CEC91FD33}.Debug|Any CPU.Build.0 = Debug|Any CPU
		{FA8C3F8F-D64D-40D5-9CFA-C69CEC91FD33}.Release|Any CPU.ActiveCfg = Release|Any CPU
		{FA8C3F8F-D64D-40D5-9CFA-C69CEC91FD33}.Release|Any CPU.Build.0 = Release|Any CPU
	EndGlobalSection
	GlobalSection(SolutionProperties) = preSolution
		HideSolutionNode = FALSE
	EndGlobalSection
	GlobalSection(ExtensibilityGlobals) = postSolution
		SolutionGuid = {48EC395F-EE50-47ED-8F5E-C23F22795A2D}
	EndGlobalSection
EndGlobal
